// !$*UTF8*$!
{
	archiveVersion = 1;
	classes = {
	};
	objectVersion = 56;
	objects = {

/* Begin PBXBuildFile section */
		BB153E292AD615E400276454 /* Quote.swift in Sources */ = {isa = PBXBuildFile; fileRef = BB153E282AD615E400276454 /* Quote.swift */; };
		BB153E2B2AD6173300276454 /* QuotesListView.swift in Sources */ = {isa = PBXBuildFile; fileRef = BB153E2A2AD6173300276454 /* QuotesListView.swift */; };
		BB3EECC92ACDF9E4005268E2 /* BookSamples.swift in Sources */ = {isa = PBXBuildFile; fileRef = BB3EECC82ACDF9E4005268E2 /* BookSamples.swift */; };
		BB3EECCB2ACDFB8D005268E2 /* PreviewContainer.swift in Sources */ = {isa = PBXBuildFile; fileRef = BB3EECCA2ACDFB8D005268E2 /* PreviewContainer.swift */; };
		BB3EECCD2ACE14AE005268E2 /* BookList.swift in Sources */ = {isa = PBXBuildFile; fileRef = BB3EECCC2ACE14AE005268E2 /* BookList.swift */; };
		BB698DE02ACC90C200FF0A6C /* MyBooksApp.swift in Sources */ = {isa = PBXBuildFile; fileRef = BB698DDF2ACC90C200FF0A6C /* MyBooksApp.swift */; };
		BB698DE22ACC90C200FF0A6C /* BookListView.swift in Sources */ = {isa = PBXBuildFile; fileRef = BB698DE12ACC90C200FF0A6C /* BookListView.swift */; };
		BB698DE42ACC90C300FF0A6C /* Assets.xcassets in Resources */ = {isa = PBXBuildFile; fileRef = BB698DE32ACC90C300FF0A6C /* Assets.xcassets */; };
		BB698DE72ACC90C300FF0A6C /* Preview Assets.xcassets in Resources */ = {isa = PBXBuildFile; fileRef = BB698DE62ACC90C300FF0A6C /* Preview Assets.xcassets */; };
		BB698DEE2ACC90DD00FF0A6C /* Book.swift in Sources */ = {isa = PBXBuildFile; fileRef = BB698DED2ACC90DD00FF0A6C /* Book.swift */; };
		BB698DF02ACCA62100FF0A6C /* NewBookView.swift in Sources */ = {isa = PBXBuildFile; fileRef = BB698DEF2ACCA62100FF0A6C /* NewBookView.swift */; };
		BB698DF22ACCC94900FF0A6C /* EditBookView.swift in Sources */ = {isa = PBXBuildFile; fileRef = BB698DF12ACCC94900FF0A6C /* EditBookView.swift */; };
		BB698DF42ACCCED800FF0A6C /* RatingsView.swift in Sources */ = {isa = PBXBuildFile; fileRef = BB698DF32ACCCED800FF0A6C /* RatingsView.swift */; };
		BBA50EDE2ADC448300BC6F6E /* Genre.swift in Sources */ = {isa = PBXBuildFile; fileRef = BBA50EDD2ADC448300BC6F6E /* Genre.swift */; };
		BBA50EE22ADC453700BC6F6E /* UIColor+Extension.swift in Sources */ = {isa = PBXBuildFile; fileRef = BBA50EE12ADC453700BC6F6E /* UIColor+Extension.swift */; };
		BBA50EE42ADC456300BC6F6E /* Color+Extension.swift in Sources */ = {isa = PBXBuildFile; fileRef = BBA50EE32ADC456300BC6F6E /* Color+Extension.swift */; };
		BBA50EE62ADC466200BC6F6E /* GenreSamples.swift in Sources */ = {isa = PBXBuildFile; fileRef = BBA50EE52ADC466200BC6F6E /* GenreSamples.swift */; };
		BBA50EF12ADC4CCD00BC6F6E /* GenresView.swift in Sources */ = {isa = PBXBuildFile; fileRef = BBA50EF02ADC4CCD00BC6F6E /* GenresView.swift */; };
		BBA50EF32ADC6D0400BC6F6E /* NewGenreView.swift in Sources */ = {isa = PBXBuildFile; fileRef = BBA50EF22ADC6D0400BC6F6E /* NewGenreView.swift */; };
		BBA50EF52ADC7D5800BC6F6E /* GenresStackView.swift in Sources */ = {isa = PBXBuildFile; fileRef = BBA50EF42ADC7D5800BC6F6E /* GenresStackView.swift */; };
		BBE760CC2AE06F3D00AC4108 /* Localizable.xcstrings in Resources */ = {isa = PBXBuildFile; fileRef = BBE760CB2AE06F3D00AC4108 /* Localizable.xcstrings */; };
		BBE760CE2AE078F900AC4108 /* InfoPlist.xcstrings in Resources */ = {isa = PBXBuildFile; fileRef = BBE760CD2AE078F900AC4108 /* InfoPlist.xcstrings */; };
		BBE760D02AE07ADB00AC4108 /* Launch Screen.storyboard in Resources */ = {isa = PBXBuildFile; fileRef = BBE760CF2AE07ADB00AC4108 /* Launch Screen.storyboard */; };
/* End PBXBuildFile section */

/* Begin PBXFileReference section */
		BB153E282AD615E400276454 /* Quote.swift */ = {isa = PBXFileReference; lastKnownFileType = sourcecode.swift; path = Quote.swift; sourceTree = "<group>"; };
		BB153E2A2AD6173300276454 /* QuotesListView.swift */ = {isa = PBXFileReference; lastKnownFileType = sourcecode.swift; path = QuotesListView.swift; sourceTree = "<group>"; };
		BB3EECC82ACDF9E4005268E2 /* BookSamples.swift */ = {isa = PBXFileReference; lastKnownFileType = sourcecode.swift; path = BookSamples.swift; sourceTree = "<group>"; };
		BB3EECCA2ACDFB8D005268E2 /* PreviewContainer.swift */ = {isa = PBXFileReference; lastKnownFileType = sourcecode.swift; path = PreviewContainer.swift; sourceTree = "<group>"; };
		BB3EECCC2ACE14AE005268E2 /* BookList.swift */ = {isa = PBXFileReference; lastKnownFileType = sourcecode.swift; path = BookList.swift; sourceTree = "<group>"; };
		BB698DDC2ACC90C200FF0A6C /* MyBooks.app */ = {isa = PBXFileReference; explicitFileType = wrapper.application; includeInIndex = 0; path = MyBooks.app; sourceTree = BUILT_PRODUCTS_DIR; };
		BB698DDF2ACC90C200FF0A6C /* MyBooksApp.swift */ = {isa = PBXFileReference; lastKnownFileType = sourcecode.swift; path = MyBooksApp.swift; sourceTree = "<group>"; };
		BB698DE12ACC90C200FF0A6C /* BookListView.swift */ = {isa = PBXFileReference; lastKnownFileType = sourcecode.swift; path = BookListView.swift; sourceTree = "<group>"; };
		BB698DE32ACC90C300FF0A6C /* Assets.xcassets */ = {isa = PBXFileReference; lastKnownFileType = folder.assetcatalog; path = Assets.xcassets; sourceTree = "<group>"; };
		BB698DE62ACC90C300FF0A6C /* Preview Assets.xcassets */ = {isa = PBXFileReference; lastKnownFileType = folder.assetcatalog; path = "Preview Assets.xcassets"; sourceTree = "<group>"; };
		BB698DED2ACC90DD00FF0A6C /* Book.swift */ = {isa = PBXFileReference; lastKnownFileType = sourcecode.swift; path = Book.swift; sourceTree = "<group>"; };
		BB698DEF2ACCA62100FF0A6C /* NewBookView.swift */ = {isa = PBXFileReference; lastKnownFileType = sourcecode.swift; path = NewBookView.swift; sourceTree = "<group>"; };
		BB698DF12ACCC94900FF0A6C /* EditBookView.swift */ = {isa = PBXFileReference; lastKnownFileType = sourcecode.swift; path = EditBookView.swift; sourceTree = "<group>"; };
		BB698DF32ACCCED800FF0A6C /* RatingsView.swift */ = {isa = PBXFileReference; fileEncoding = 4; lastKnownFileType = sourcecode.swift; path = RatingsView.swift; sourceTree = "<group>"; };
		BBA50EDD2ADC448300BC6F6E /* Genre.swift */ = {isa = PBXFileReference; lastKnownFileType = sourcecode.swift; path = Genre.swift; sourceTree = "<group>"; };
		BBA50EE12ADC453700BC6F6E /* UIColor+Extension.swift */ = {isa = PBXFileReference; lastKnownFileType = sourcecode.swift; path = "UIColor+Extension.swift"; sourceTree = "<group>"; };
		BBA50EE32ADC456300BC6F6E /* Color+Extension.swift */ = {isa = PBXFileReference; lastKnownFileType = sourcecode.swift; path = "Color+Extension.swift"; sourceTree = "<group>"; };
		BBA50EE52ADC466200BC6F6E /* GenreSamples.swift */ = {isa = PBXFileReference; lastKnownFileType = sourcecode.swift; path = GenreSamples.swift; sourceTree = "<group>"; };
		BBA50EF02ADC4CCD00BC6F6E /* GenresView.swift */ = {isa = PBXFileReference; lastKnownFileType = sourcecode.swift; path = GenresView.swift; sourceTree = "<group>"; };
		BBA50EF22ADC6D0400BC6F6E /* NewGenreView.swift */ = {isa = PBXFileReference; lastKnownFileType = sourcecode.swift; path = NewGenreView.swift; sourceTree = "<group>"; };
		BBA50EF42ADC7D5800BC6F6E /* GenresStackView.swift */ = {isa = PBXFileReference; lastKnownFileType = sourcecode.swift; path = GenresStackView.swift; sourceTree = "<group>"; };
		BBE760CB2AE06F3D00AC4108 /* Localizable.xcstrings */ = {isa = PBXFileReference; lastKnownFileType = text.json.xcstrings; path = Localizable.xcstrings; sourceTree = "<group>"; };
		BBE760CD2AE078F900AC4108 /* InfoPlist.xcstrings */ = {isa = PBXFileReference; lastKnownFileType = text.json.xcstrings; path = InfoPlist.xcstrings; sourceTree = "<group>"; };
		BBE760CF2AE07ADB00AC4108 /* Launch Screen.storyboard */ = {isa = PBXFileReference; lastKnownFileType = file.storyboard; path = "Launch Screen.storyboard"; sourceTree = "<group>"; };
/* End PBXFileReference section */

/* Begin PBXFrameworksBuildPhase section */
		BB698DD92ACC90C200FF0A6C /* Frameworks */ = {
			isa = PBXFrameworksBuildPhase;
			buildActionMask = 2147483647;
			files = (
			);
			runOnlyForDeploymentPostprocessing = 0;
		};
/* End PBXFrameworksBuildPhase section */

/* Begin PBXGroup section */
		BB698DD32ACC90C200FF0A6C = {
			isa = PBXGroup;
			children = (
				BBE760CF2AE07ADB00AC4108 /* Launch Screen.storyboard */,
				BBE760CB2AE06F3D00AC4108 /* Localizable.xcstrings */,
				BBE760CD2AE078F900AC4108 /* InfoPlist.xcstrings */,
				BB698DDE2ACC90C200FF0A6C /* MyBooks */,
				BB698DDD2ACC90C200FF0A6C /* Products */,
			);
			sourceTree = "<group>";
		};
		BB698DDD2ACC90C200FF0A6C /* Products */ = {
			isa = PBXGroup;
			children = (
				BB698DDC2ACC90C200FF0A6C /* MyBooks.app */,
			);
			name = Products;
			sourceTree = "<group>";
		};
		BB698DDE2ACC90C200FF0A6C /* MyBooks */ = {
			isa = PBXGroup;
			children = (
				BB698DDF2ACC90C200FF0A6C /* MyBooksApp.swift */,
				BBA50EE82ADC4A1A00BC6F6E /* Book */,
				BBA50EEB2ADC4A4500BC6F6E /* Quotes */,
				BBA50EED2ADC4C4D00BC6F6E /* Genres */,
				BBA50EEC2ADC4A5500BC6F6E /* Accessory View */,
				BBA50EE92ADC4A2700BC6F6E /* Models */,
				BBA50EEA2ADC4A3600BC6F6E /* Extensions */,
				BB698DE32ACC90C300FF0A6C /* Assets.xcassets */,
				BB698DE52ACC90C300FF0A6C /* Preview Content */,
			);
			path = MyBooks;
			sourceTree = "<group>";
		};
		BB698DE52ACC90C300FF0A6C /* Preview Content */ = {
			isa = PBXGroup;
			children = (
				BB698DE62ACC90C300FF0A6C /* Preview Assets.xcassets */,
				BB3EECC82ACDF9E4005268E2 /* BookSamples.swift */,
				BBA50EE52ADC466200BC6F6E /* GenreSamples.swift */,
				BB3EECCA2ACDFB8D005268E2 /* PreviewContainer.swift */,
			);
			path = "Preview Content";
			sourceTree = "<group>";
		};
		BBA50EE82ADC4A1A00BC6F6E /* Book */ = {
			isa = PBXGroup;
			children = (
				BB698DE12ACC90C200FF0A6C /* BookListView.swift */,
				BB3EECCC2ACE14AE005268E2 /* BookList.swift */,
				BB698DEF2ACCA62100FF0A6C /* NewBookView.swift */,
				BB698DF12ACCC94900FF0A6C /* EditBookView.swift */,
			);
			path = Book;
			sourceTree = "<group>";
		};
		BBA50EE92ADC4A2700BC6F6E /* Models */ = {
			isa = PBXGroup;
			children = (
				BB698DED2ACC90DD00FF0A6C /* Book.swift */,
				BB153E282AD615E400276454 /* Quote.swift */,
				BBA50EDD2ADC448300BC6F6E /* Genre.swift */,
			);
			path = Models;
			sourceTree = "<group>";
		};
		BBA50EEA2ADC4A3600BC6F6E /* Extensions */ = {
			isa = PBXGroup;
			children = (
				BBA50EE12ADC453700BC6F6E /* UIColor+Extension.swift */,
				BBA50EE32ADC456300BC6F6E /* Color+Extension.swift */,
			);
			path = Extensions;
			sourceTree = "<group>";
		};
		BBA50EEB2ADC4A4500BC6F6E /* Quotes */ = {
			isa = PBXGroup;
			children = (
				BB153E2A2AD6173300276454 /* QuotesListView.swift */,
			);
			path = Quotes;
			sourceTree = "<group>";
		};
		BBA50EEC2ADC4A5500BC6F6E /* Accessory View */ = {
			isa = PBXGroup;
			children = (
				BB698DF32ACCCED800FF0A6C /* RatingsView.swift */,
			);
			path = "Accessory View";
			sourceTree = "<group>";
		};
		BBA50EED2ADC4C4D00BC6F6E /* Genres */ = {
			isa = PBXGroup;
			children = (
				BBA50EF02ADC4CCD00BC6F6E /* GenresView.swift */,
				BBA50EF22ADC6D0400BC6F6E /* NewGenreView.swift */,
				BBA50EF42ADC7D5800BC6F6E /* GenresStackView.swift */,
			);
			path = Genres;
			sourceTree = "<group>";
		};
/* End PBXGroup section */

/* Begin PBXNativeTarget section */
		BB698DDB2ACC90C200FF0A6C /* MyBooks */ = {
			isa = PBXNativeTarget;
			buildConfigurationList = BB698DEA2ACC90C300FF0A6C /* Build configuration list for PBXNativeTarget "MyBooks" */;
			buildPhases = (
				BB698DD82ACC90C200FF0A6C /* Sources */,
				BB698DD92ACC90C200FF0A6C /* Frameworks */,
				BB698DDA2ACC90C200FF0A6C /* Resources */,
			);
			buildRules = (
			);
			dependencies = (
			);
			name = MyBooks;
			productName = MyBooks;
			productReference = BB698DDC2ACC90C200FF0A6C /* MyBooks.app */;
			productType = "com.apple.product-type.application";
		};
/* End PBXNativeTarget section */

/* Begin PBXProject section */
		BB698DD42ACC90C200FF0A6C /* Project object */ = {
			isa = PBXProject;
			attributes = {
				BuildIndependentTargetsInParallel = 1;
				LastSwiftUpdateCheck = 1500;
				LastUpgradeCheck = 1500;
				TargetAttributes = {
					BB698DDB2ACC90C200FF0A6C = {
						CreatedOnToolsVersion = 15.0;
					};
				};
			};
			buildConfigurationList = BB698DD72ACC90C200FF0A6C /* Build configuration list for PBXProject "MyBooks" */;
			compatibilityVersion = "Xcode 14.0";
			developmentRegion = en;
			hasScannedForEncodings = 0;
			knownRegions = (
				en,
				Base,
				de,
			);
			mainGroup = BB698DD32ACC90C200FF0A6C;
			productRefGroup = BB698DDD2ACC90C200FF0A6C /* Products */;
			projectDirPath = "";
			projectRoot = "";
			targets = (
				BB698DDB2ACC90C200FF0A6C /* MyBooks */,
			);
		};
/* End PBXProject section */

/* Begin PBXResourcesBuildPhase section */
		BB698DDA2ACC90C200FF0A6C /* Resources */ = {
			isa = PBXResourcesBuildPhase;
			buildActionMask = 2147483647;
			files = (
				BB698DE72ACC90C300FF0A6C /* Preview Assets.xcassets in Resources */,
				BB698DE42ACC90C300FF0A6C /* Assets.xcassets in Resources */,
				BBE760CC2AE06F3D00AC4108 /* Localizable.xcstrings in Resources */,
				BBE760D02AE07ADB00AC4108 /* Launch Screen.storyboard in Resources */,
				BBE760CE2AE078F900AC4108 /* InfoPlist.xcstrings in Resources */,
			);
			runOnlyForDeploymentPostprocessing = 0;
		};
/* End PBXResourcesBuildPhase section */

/* Begin PBXSourcesBuildPhase section */
		BB698DD82ACC90C200FF0A6C /* Sources */ = {
			isa = PBXSourcesBuildPhase;
			buildActionMask = 2147483647;
			files = (
				BB3EECC92ACDF9E4005268E2 /* BookSamples.swift in Sources */,
				BBA50EE42ADC456300BC6F6E /* Color+Extension.swift in Sources */,
				BB698DF02ACCA62100FF0A6C /* NewBookView.swift in Sources */,
				BBA50EF32ADC6D0400BC6F6E /* NewGenreView.swift in Sources */,
				BB698DF42ACCCED800FF0A6C /* RatingsView.swift in Sources */,
				BBA50EDE2ADC448300BC6F6E /* Genre.swift in Sources */,
				BB3EECCD2ACE14AE005268E2 /* BookList.swift in Sources */,
				BBA50EF52ADC7D5800BC6F6E /* GenresStackView.swift in Sources */,
				BB698DF22ACCC94900FF0A6C /* EditBookView.swift in Sources */,
				BB698DE22ACC90C200FF0A6C /* BookListView.swift in Sources */,
				BB698DE02ACC90C200FF0A6C /* MyBooksApp.swift in Sources */,
				BB3EECCB2ACDFB8D005268E2 /* PreviewContainer.swift in Sources */,
				BBA50EF12ADC4CCD00BC6F6E /* GenresView.swift in Sources */,
				BBA50EE62ADC466200BC6F6E /* GenreSamples.swift in Sources */,
				BB153E292AD615E400276454 /* Quote.swift in Sources */,
				BBA50EE22ADC453700BC6F6E /* UIColor+Extension.swift in Sources */,
				BB698DEE2ACC90DD00FF0A6C /* Book.swift in Sources */,
				BB153E2B2AD6173300276454 /* QuotesListView.swift in Sources */,
			);
			runOnlyForDeploymentPostprocessing = 0;
		};
/* End PBXSourcesBuildPhase section */

/* Begin XCBuildConfiguration section */
		BB698DE82ACC90C300FF0A6C /* Debug */ = {
			isa = XCBuildConfiguration;
			buildSettings = {
				ALWAYS_SEARCH_USER_PATHS = NO;
				ASSETCATALOG_COMPILER_GENERATE_SWIFT_ASSET_SYMBOL_EXTENSIONS = YES;
				CLANG_ANALYZER_NONNULL = YES;
				CLANG_ANALYZER_NUMBER_OBJECT_CONVERSION = YES_AGGRESSIVE;
				CLANG_CXX_LANGUAGE_STANDARD = "gnu++20";
				CLANG_ENABLE_MODULES = YES;
				CLANG_ENABLE_OBJC_ARC = YES;
				CLANG_ENABLE_OBJC_WEAK = YES;
				CLANG_WARN_BLOCK_CAPTURE_AUTORELEASING = YES;
				CLANG_WARN_BOOL_CONVERSION = YES;
				CLANG_WARN_COMMA = YES;
				CLANG_WARN_CONSTANT_CONVERSION = YES;
				CLANG_WARN_DEPRECATED_OBJC_IMPLEMENTATIONS = YES;
				CLANG_WARN_DIRECT_OBJC_ISA_USAGE = YES_ERROR;
				CLANG_WARN_DOCUMENTATION_COMMENTS = YES;
				CLANG_WARN_EMPTY_BODY = YES;
				CLANG_WARN_ENUM_CONVERSION = YES;
				CLANG_WARN_INFINITE_RECURSION = YES;
				CLANG_WARN_INT_CONVERSION = YES;
				CLANG_WARN_NON_LITERAL_NULL_CONVERSION = YES;
				CLANG_WARN_OBJC_IMPLICIT_RETAIN_SELF = YES;
				CLANG_WARN_OBJC_LITERAL_CONVERSION = YES;
				CLANG_WARN_OBJC_ROOT_CLASS = YES_ERROR;
				CLANG_WARN_QUOTED_INCLUDE_IN_FRAMEWORK_HEADER = YES;
				CLANG_WARN_RANGE_LOOP_ANALYSIS = YES;
				CLANG_WARN_STRICT_PROTOTYPES = YES;
				CLANG_WARN_SUSPICIOUS_MOVE = YES;
				CLANG_WARN_UNGUARDED_AVAILABILITY = YES_AGGRESSIVE;
				CLANG_WARN_UNREACHABLE_CODE = YES;
				CLANG_WARN__DUPLICATE_METHOD_MATCH = YES;
				COPY_PHASE_STRIP = NO;
				DEBUG_INFORMATION_FORMAT = dwarf;
				ENABLE_STRICT_OBJC_MSGSEND = YES;
				ENABLE_TESTABILITY = YES;
				ENABLE_USER_SCRIPT_SANDBOXING = YES;
				GCC_C_LANGUAGE_STANDARD = gnu17;
				GCC_DYNAMIC_NO_PIC = NO;
				GCC_NO_COMMON_BLOCKS = YES;
				GCC_OPTIMIZATION_LEVEL = 0;
				GCC_PREPROCESSOR_DEFINITIONS = (
					"DEBUG=1",
					"$(inherited)",
				);
				GCC_WARN_64_TO_32_BIT_CONVERSION = YES;
				GCC_WARN_ABOUT_RETURN_TYPE = YES_ERROR;
				GCC_WARN_UNDECLARED_SELECTOR = YES;
				GCC_WARN_UNINITIALIZED_AUTOS = YES_AGGRESSIVE;
				GCC_WARN_UNUSED_FUNCTION = YES;
				GCC_WARN_UNUSED_VARIABLE = YES;
				IPHONEOS_DEPLOYMENT_TARGET = 17.0;
				LOCALIZATION_PREFERS_STRING_CATALOGS = YES;
				MTL_ENABLE_DEBUG_INFO = INCLUDE_SOURCE;
				MTL_FAST_MATH = YES;
				ONLY_ACTIVE_ARCH = YES;
				SDKROOT = iphoneos;
				SWIFT_ACTIVE_COMPILATION_CONDITIONS = "DEBUG $(inherited)";
				SWIFT_OPTIMIZATION_LEVEL = "-Onone";
			};
			name = Debug;
		};
		BB698DE92ACC90C300FF0A6C /* Release */ = {
			isa = XCBuildConfiguration;
			buildSettings = {
				ALWAYS_SEARCH_USER_PATHS = NO;
				ASSETCATALOG_COMPILER_GENERATE_SWIFT_ASSET_SYMBOL_EXTENSIONS = YES;
				CLANG_ANALYZER_NONNULL = YES;
				CLANG_ANALYZER_NUMBER_OBJECT_CONVERSION = YES_AGGRESSIVE;
				CLANG_CXX_LANGUAGE_STANDARD = "gnu++20";
				CLANG_ENABLE_MODULES = YES;
				CLANG_ENABLE_OBJC_ARC = YES;
				CLANG_ENABLE_OBJC_WEAK = YES;
				CLANG_WARN_BLOCK_CAPTURE_AUTORELEASING = YES;
				CLANG_WARN_BOOL_CONVERSION = YES;
				CLANG_WARN_COMMA = YES;
				CLANG_WARN_CONSTANT_CONVERSION = YES;
				CLANG_WARN_DEPRECATED_OBJC_IMPLEMENTATIONS = YES;
				CLANG_WARN_DIRECT_OBJC_ISA_USAGE = YES_ERROR;
				CLANG_WARN_DOCUMENTATION_COMMENTS = YES;
				CLANG_WARN_EMPTY_BODY = YES;
				CLANG_WARN_ENUM_CONVERSION = YES;
				CLANG_WARN_INFINITE_RECURSION = YES;
				CLANG_WARN_INT_CONVERSION = YES;
				CLANG_WARN_NON_LITERAL_NULL_CONVERSION = YES;
				CLANG_WARN_OBJC_IMPLICIT_RETAIN_SELF = YES;
				CLANG_WARN_OBJC_LITERAL_CONVERSION = YES;
				CLANG_WARN_OBJC_ROOT_CLASS = YES_ERROR;
				CLANG_WARN_QUOTED_INCLUDE_IN_FRAMEWORK_HEADER = YES;
				CLANG_WARN_RANGE_LOOP_ANALYSIS = YES;
				CLANG_WARN_STRICT_PROTOTYPES = YES;
				CLANG_WARN_SUSPICIOUS_MOVE = YES;
				CLANG_WARN_UNGUARDED_AVAILABILITY = YES_AGGRESSIVE;
				CLANG_WARN_UNREACHABLE_CODE = YES;
				CLANG_WARN__DUPLICATE_METHOD_MATCH = YES;
				COPY_PHASE_STRIP = NO;
				DEBUG_INFORMATION_FORMAT = "dwarf-with-dsym";
				ENABLE_NS_ASSERTIONS = NO;
				ENABLE_STRICT_OBJC_MSGSEND = YES;
				ENABLE_USER_SCRIPT_SANDBOXING = YES;
				GCC_C_LANGUAGE_STANDARD = gnu17;
				GCC_NO_COMMON_BLOCKS = YES;
				GCC_WARN_64_TO_32_BIT_CONVERSION = YES;
				GCC_WARN_ABOUT_RETURN_TYPE = YES_ERROR;
				GCC_WARN_UNDECLARED_SELECTOR = YES;
				GCC_WARN_UNINITIALIZED_AUTOS = YES_AGGRESSIVE;
				GCC_WARN_UNUSED_FUNCTION = YES;
				GCC_WARN_UNUSED_VARIABLE = YES;
				IPHONEOS_DEPLOYMENT_TARGET = 17.0;
				LOCALIZATION_PREFERS_STRING_CATALOGS = YES;
				MTL_ENABLE_DEBUG_INFO = NO;
				MTL_FAST_MATH = YES;
				SDKROOT = iphoneos;
				SWIFT_COMPILATION_MODE = wholemodule;
				VALIDATE_PRODUCT = YES;
			};
			name = Release;
		};
		BB698DEB2ACC90C300FF0A6C /* Debug */ = {
			isa = XCBuildConfiguration;
			buildSettings = {
				ASSETCATALOG_COMPILER_APPICON_NAME = AppIcon;
				ASSETCATALOG_COMPILER_GLOBAL_ACCENT_COLOR_NAME = AccentColor;
				CODE_SIGN_STYLE = Automatic;
				CURRENT_PROJECT_VERSION = 1;
				DEVELOPMENT_ASSET_PATHS = "\"MyBooks/Preview Content\"";
				DEVELOPMENT_TEAM = RKV4UP49S6;
				ENABLE_PREVIEWS = YES;
				GENERATE_INFOPLIST_FILE = YES;
				INFOPLIST_KEY_UIApplicationSceneManifest_Generation = YES;
				INFOPLIST_KEY_UIApplicationSupportsIndirectInputEvents = YES;
				INFOPLIST_KEY_UILaunchScreen_Generation = YES;
				INFOPLIST_KEY_UILaunchStoryboardName = "Launch Screen.storyboard";
				INFOPLIST_KEY_UISupportedInterfaceOrientations_iPad = "UIInterfaceOrientationPortrait UIInterfaceOrientationPortraitUpsideDown UIInterfaceOrientationLandscapeLeft UIInterfaceOrientationLandscapeRight";
				INFOPLIST_KEY_UISupportedInterfaceOrientations_iPhone = "UIInterfaceOrientationPortrait UIInterfaceOrientationLandscapeLeft UIInterfaceOrientationLandscapeRight";
				LD_RUNPATH_SEARCH_PATHS = (
					"$(inherited)",
					"@executable_path/Frameworks",
				);
				MARKETING_VERSION = 1.0;
				PRODUCT_BUNDLE_IDENTIFIER = com.createchsol.MyBooks;
				PRODUCT_NAME = "$(TARGET_NAME)";
				SWIFT_EMIT_LOC_STRINGS = YES;
				SWIFT_VERSION = 5.0;
				TARGETED_DEVICE_FAMILY = "1,2";
			};
			name = Debug;
		};
		BB698DEC2ACC90C300FF0A6C /* Release */ = {
			isa = XCBuildConfiguration;
			buildSettings = {
				ASSETCATALOG_COMPILER_APPICON_NAME = AppIcon;
				ASSETCATALOG_COMPILER_GLOBAL_ACCENT_COLOR_NAME = AccentColor;
				CODE_SIGN_STYLE = Automatic;
				CURRENT_PROJECT_VERSION = 1;
				DEVELOPMENT_ASSET_PATHS = "\"MyBooks/Preview Content\"";
				DEVELOPMENT_TEAM = RKV4UP49S6;
				ENABLE_PREVIEWS = YES;
				GENERATE_INFOPLIST_FILE = YES;
				INFOPLIST_KEY_UIApplicationSceneManifest_Generation = YES;
				INFOPLIST_KEY_UIApplicationSupportsIndirectInputEvents = YES;
				INFOPLIST_KEY_UILaunchScreen_Generation = YES;
				INFOPLIST_KEY_UILaunchStoryboardName = "Launch Screen.storyboard";
				INFOPLIST_KEY_UISupportedInterfaceOrientations_iPad = "UIInterfaceOrientationPortrait UIInterfaceOrientationPortraitUpsideDown UIInterfaceOrientationLandscapeLeft UIInterfaceOrientationLandscapeRight";
				INFOPLIST_KEY_UISupportedInterfaceOrientations_iPhone = "UIInterfaceOrientationPortrait UIInterfaceOrientationLandscapeLeft UIInterfaceOrientationLandscapeRight";
				LD_RUNPATH_SEARCH_PATHS = (
					"$(inherited)",
					"@executable_path/Frameworks",
				);
				MARKETING_VERSION = 1.0;
				PRODUCT_BUNDLE_IDENTIFIER = com.createchsol.MyBooks;
				PRODUCT_NAME = "$(TARGET_NAME)";
				SWIFT_EMIT_LOC_STRINGS = YES;
				SWIFT_VERSION = 5.0;
				TARGETED_DEVICE_FAMILY = "1,2";
			};
			name = Release;
		};
/* End XCBuildConfiguration section */

/* Begin XCConfigurationList section */
		BB698DD72ACC90C200FF0A6C /* Build configuration list for PBXProject "MyBooks" */ = {
			isa = XCConfigurationList;
			buildConfigurations = (
				BB698DE82ACC90C300FF0A6C /* Debug */,
				BB698DE92ACC90C300FF0A6C /* Release */,
			);
			defaultConfigurationIsVisible = 0;
			defaultConfigurationName = Release;
		};
		BB698DEA2ACC90C300FF0A6C /* Build configuration list for PBXNativeTarget "MyBooks" */ = {
			isa = XCConfigurationList;
			buildConfigurations = (
				BB698DEB2ACC90C300FF0A6C /* Debug */,
				BB698DEC2ACC90C300FF0A6C /* Release */,
			);
			defaultConfigurationIsVisible = 0;
			defaultConfigurationName = Release;
		};
/* End XCConfigurationList section */
	};
	rootObject = BB698DD42ACC90C200FF0A6C /* Project object */;
}
